
Microsoft Visual Studio Solution File, Format Version 12.00
# Visual Studio Version 17
VisualStudioVersion = 17.9.34723.18
MinimumVisualStudioVersion = 10.0.40219.1
Project("{FAE04EC0-301F-11D3-BF4B-00C04F79EFBC}") = "CIoTD.Domain", "CIoTD.Domain\CIoTD.Domain.csproj", "{3BD4B61C-AE38-409A-A69B-0EC07DB94573}"
EndProject
Project("{FAE04EC0-301F-11D3-BF4B-00C04F79EFBC}") = "CIoTD.Application", "CIoTD.Application\CIoTD.Application.csproj", "{FBFEFE15-1A07-43CC-92AC-D4088536DD2C}"
EndProject
Project("{FAE04EC0-301F-11D3-BF4B-00C04F79EFBC}") = "CIoTD.Infra", "CIoTD.Infra\CIoTD.Infra.csproj", "{4FDA559E-373E-4442-A377-2DA373BA3214}"
EndProject
Project("{FAE04EC0-301F-11D3-BF4B-00C04F79EFBC}") = "CIoTD.CrossCutting", "CIoTD.CrossCutting\CIoTD.CrossCutting.csproj", "{3E876EEA-ABD6-4B86-BA64-0692805B968B}"
EndProject
Project("{FAE04EC0-301F-11D3-BF4B-00C04F79EFBC}") = "CIoTD.API", "CIoTD.API\CIoTD.API.csproj", "{D0EE9C67-6A1C-4C66-8033-4EB8AAC01601}"
EndProject
Global
	GlobalSection(SolutionConfigurationPlatforms) = preSolution
		Debug|Any CPU = Debug|Any CPU
		Release|Any CPU = Release|Any CPU
	EndGlobalSection
	GlobalSection(ProjectConfigurationPlatforms) = postSolution
		{3BD4B61C-AE38-409A-A69B-0EC07DB94573}.Debug|Any CPU.ActiveCfg = Debug|Any CPU
		{3BD4B61C-AE38-409A-A69B-0EC07DB94573}.Debug|Any CPU.Build.0 = Debug|Any CPU
		{3BD4B61C-AE38-409A-A69B-0EC07DB94573}.Release|Any CPU.ActiveCfg = Release|Any CPU
		{3BD4B61C-AE38-409A-A69B-0EC07DB94573}.Release|Any CPU.Build.0 = Release|Any CPU
		{FBFEFE15-1A07-43CC-92AC-D4088536DD2C}.Debug|Any CPU.ActiveCfg = Debug|Any CPU
		{FBFEFE15-1A07-43CC-92AC-D4088536DD2C}.Debug|Any CPU.Build.0 = Debug|Any CPU
		{FBFEFE15-1A07-43CC-92AC-D4088536DD2C}.Release|Any CPU.ActiveCfg = Release|Any CPU
		{FBFEFE15-1A07-43CC-92AC-D4088536DD2C}.Release|Any CPU.Build.0 = Release|Any CPU
		{4FDA559E-373E-4442-A377-2DA373BA3214}.Debug|Any CPU.ActiveCfg = Debug|Any CPU
		{4FDA559E-373E-4442-A377-2DA373BA3214}.Debug|Any CPU.Build.0 = Debug|Any CPU
		{4FDA559E-373E-4442-A377-2DA373BA3214}.Release|Any CPU.ActiveCfg = Release|Any CPU
		{4FDA559E-373E-4442-A377-2DA373BA3214}.Release|Any CPU.Build.0 = Release|Any CPU
		{3E876EEA-ABD6-4B86-BA64-0692805B968B}.Debug|Any CPU.ActiveCfg = Debug|Any CPU
		{3E876EEA-ABD6-4B86-BA64-0692805B968B}.Debug|Any CPU.Build.0 = Debug|Any CPU
		{3E876EEA-ABD6-4B86-BA64-0692805B968B}.Release|Any CPU.ActiveCfg = Release|Any CPU
		{3E876EEA-ABD6-4B86-BA64-0692805B968B}.Release|Any CPU.Build.0 = Release|Any CPU
		{D0EE9C67-6A1C-4C66-8033-4EB8AAC01601}.Debug|Any CPU.ActiveCfg = Debug|Any CPU
		{D0EE9C67-6A1C-4C66-8033-4EB8AAC01601}.Debug|Any CPU.Build.0 = Debug|Any CPU
		{D0EE9C67-6A1C-4C66-8033-4EB8AAC01601}.Release|Any CPU.ActiveCfg = Release|Any CPU
		{D0EE9C67-6A1C-4C66-8033-4EB8AAC01601}.Release|Any CPU.Build.0 = Release|Any CPU
	EndGlobalSection
	GlobalSection(SolutionProperties) = preSolution
		HideSolutionNode = FALSE
	EndGlobalSection
	GlobalSection(ExtensibilityGlobals) = postSolution
		SolutionGuid = {0EFDD295-D207-411A-A53E-2D31CBA4B202}
	EndGlobalSection
EndGlobal
